
Microsoft Visual Studio Solution File, Format Version 12.00
# Visual Studio Version 17
VisualStudioVersion = 17.0.31903.59
MinimumVisualStudioVersion = 10.0.40219.1
Project("{2150E333-8FDC-42A3-9474-1A3956D46DE8}") = "src", "src", "{94B546E7-7A2A-4C95-B79A-9B3F12EC0EB8}"
EndProject
Project("{FAE04EC0-301F-11D3-BF4B-00C04F79EFBC}") = "Flowbite.Blazor", "src\Flowbite.Blazor\Flowbite.Blazor.csproj", "{C737BF8C-EF13-45DC-A97D-77BAA50AA88D}"
EndProject
Project("{2150E333-8FDC-42A3-9474-1A3956D46DE8}") = "tests", "tests", "{1B1A9EE3-B194-4A67-8185-09C02B5159C7}"
EndProject
Project("{FAE04EC0-301F-11D3-BF4B-00C04F79EFBC}") = "Flowbite.Blazor.Tests", "tests\Flowbite.Blazor.Tests\Flowbite.Blazor.Tests.csproj", "{DA69C15F-1F72-4068-BDAF-B39D5C256897}"
EndProject
Project("{2150E333-8FDC-42A3-9474-1A3956D46DE8}") = "Solution Items", "Solution Items", "{01E60B49-337B-45EA-9B4D-2FA16A737894}"
	ProjectSection(SolutionItems) = preProject
		.gitignore = .gitignore
		CHANGELOG.md = CHANGELOG.md
		CONTRIBUTING.md = CONTRIBUTING.md
		LICENSE = LICENSE
		README.md = README.md
	EndProjectSection
EndProject
Global
	GlobalSection(SolutionConfigurationPlatforms) = preSolution
		Debug|Any CPU = Debug|Any CPU
		Release|Any CPU = Release|Any CPU
	EndGlobalSection
	GlobalSection(ProjectConfigurationPlatforms) = postSolution
		{C737BF8C-EF13-45DC-A97D-77BAA50AA88D}.Debug|Any CPU.ActiveCfg = Debug|Any CPU
		{C737BF8C-EF13-45DC-A97D-77BAA50AA88D}.Debug|Any CPU.Build.0 = Debug|Any CPU
		{C737BF8C-EF13-45DC-A97D-77BAA50AA88D}.Release|Any CPU.ActiveCfg = Release|Any CPU
		{C737BF8C-EF13-45DC-A97D-77BAA50AA88D}.Release|Any CPU.Build.0 = Release|Any CPU
		{DA69C15F-1F72-4068-BDAF-B39D5C256897}.Debug|Any CPU.ActiveCfg = Debug|Any CPU
		{DA69C15F-1F72-4068-BDAF-B39D5C256897}.Debug|Any CPU.Build.0 = Debug|Any CPU
		{DA69C15F-1F72-4068-BDAF-B39D5C256897}.Release|Any CPU.ActiveCfg = Release|Any CPU
		{DA69C15F-1F72-4068-BDAF-B39D5C256897}.Release|Any CPU.Build.0 = Release|Any CPU
	EndGlobalSection
	GlobalSection(SolutionProperties) = preSolution
		HideSolutionNode = FALSE
	EndGlobalSection
	GlobalSection(NestedProjects) = preSolution
		{C737BF8C-EF13-45DC-A97D-77BAA50AA88D} = {94B546E7-7A2A-4C95-B79A-9B3F12EC0EB8}
		{DA69C15F-1F72-4068-BDAF-B39D5C256897} = {1B1A9EE3-B194-4A67-8185-09C02B5159C7}
	EndGlobalSection
EndGlobal
